
Microsoft Visual Studio Solution File, Format Version 12.00
# Visual Studio 14
VisualStudioVersion = 14.0.25420.1
MinimumVisualStudioVersion = 10.0.40219.1
Project("{2150E333-8FDC-42A3-9474-1A3956D46DE8}") = "InputFiles", "InputFiles", "{5AC206B5-ED45-4802-87EE-54EFAB111A53}"
EndProject
Project("{00D1A9C2-B5F0-4AF3-8072-F6C62B433612}") = "DataLayer", "DataLayer\DataLayer.sqlproj", "{C0471CFF-CA11-40AA-8505-7F893DCC4F81}"
EndProject
Global
	GlobalSection(SolutionConfigurationPlatforms) = preSolution
		Debug|Any CPU = Debug|Any CPU
		Release|Any CPU = Release|Any CPU
	EndGlobalSection
	GlobalSection(ProjectConfigurationPlatforms) = postSolution
		{C0471CFF-CA11-40AA-8505-7F893DCC4F81}.Debug|Any CPU.ActiveCfg = Debug|Any CPU
		{C0471CFF-CA11-40AA-8505-7F893DCC4F81}.Debug|Any CPU.Build.0 = Debug|Any CPU
		{C0471CFF-CA11-40AA-8505-7F893DCC4F81}.Debug|Any CPU.Deploy.0 = Debug|Any CPU
		{C0471CFF-CA11-40AA-8505-7F893DCC4F81}.Release|Any CPU.ActiveCfg = Release|Any CPU
		{C0471CFF-CA11-40AA-8505-7F893DCC4F81}.Release|Any CPU.Build.0 = Release|Any CPU
		{C0471CFF-CA11-40AA-8505-7F893DCC4F81}.Release|Any CPU.Deploy.0 = Release|Any CPU
	EndGlobalSection
	GlobalSection(SolutionProperties) = preSolution
		HideSolutionNode = FALSE
	EndGlobalSection
EndGlobal
